
Microsoft Visual Studio Solution File, Format Version 12.00
# Visual Studio Version 17
VisualStudioVersion = 17.5.33516.290
MinimumVisualStudioVersion = 10.0.40219.1
Project("{FAE04EC0-301F-11D3-BF4B-00C04F79EFBC}") = "Maksukortti", "Maksukortti\Maksukortti.csproj", "{B92DA8B4-B2CC-4F8D-9597-1349E929460F}"
EndProject
Global
	GlobalSection(SolutionConfigurationPlatforms) = preSolution
		Debug|Any CPU = Debug|Any CPU
		Release|Any CPU = Release|Any CPU
	EndGlobalSection
	GlobalSection(ProjectConfigurationPlatforms) = postSolution
		{B92DA8B4-B2CC-4F8D-9597-1349E929460F}.Debug|Any CPU.ActiveCfg = Debug|Any CPU
		{B92DA8B4-B2CC-4F8D-9597-1349E929460F}.Debug|Any CPU.Build.0 = Debug|Any CPU
		{B92DA8B4-B2CC-4F8D-9597-1349E929460F}.Release|Any CPU.ActiveCfg = Release|Any CPU
		{B92DA8B4-B2CC-4F8D-9597-1349E929460F}.Release|Any CPU.Build.0 = Release|Any CPU
	EndGlobalSection
	GlobalSection(SolutionProperties) = preSolution
		HideSolutionNode = FALSE
	EndGlobalSection
	GlobalSection(ExtensibilityGlobals) = postSolution
		SolutionGuid = {DDF7CB0D-CB1B-4D68-A12F-B6A95BB538DB}
	EndGlobalSection
EndGlobal
